// !$*UTF8*$!
{
	archiveVersion = 1;
	classes = {
	};
	objectVersion = 48;
	objects = {

/* Begin PBXBuildFile section */
		454625A01FCEAE410089CCE1 /* AppDelegate.m in Sources */ = {isa = PBXBuildFile; fileRef = 4546259F1FCEAE410089CCE1 /* AppDelegate.m */; };
		454625A31FCEAE410089CCE1 /* ViewController.m in Sources */ = {isa = PBXBuildFile; fileRef = 454625A21FCEAE410089CCE1 /* ViewController.m */; };
		454625A61FCEAE410089CCE1 /* Main.storyboard in Resources */ = {isa = PBXBuildFile; fileRef = 454625A41FCEAE410089CCE1 /* Main.storyboard */; };
		454625A81FCEAE410089CCE1 /* Assets.xcassets in Resources */ = {isa = PBXBuildFile; fileRef = 454625A71FCEAE410089CCE1 /* Assets.xcassets */; };
		454625AB1FCEAE410089CCE1 /* LaunchScreen.storyboard in Resources */ = {isa = PBXBuildFile; fileRef = 454625A91FCEAE410089CCE1 /* LaunchScreen.storyboard */; };
		454625AE1FCEAE410089CCE1 /* main.m in Sources */ = {isa = PBXBuildFile; fileRef = 454625AD1FCEAE410089CCE1 /* main.m */; };
		454625B81FCEAE410089CCE1 /* ZEDVoiceRecordHelperTests.m in Sources */ = {isa = PBXBuildFile; fileRef = 454625B71FCEAE410089CCE1 /* ZEDVoiceRecordHelperTests.m */; };
		454625C31FCEAE410089CCE1 /* ZEDVoiceRecordHelperUITests.m in Sources */ = {isa = PBXBuildFile; fileRef = 454625C21FCEAE410089CCE1 /* ZEDVoiceRecordHelperUITests.m */; };
		454625E11FCEAF4A0089CCE1 /* amrFileCodec.m in Sources */ = {isa = PBXBuildFile; fileRef = 454625D31FCEAF4A0089CCE1 /* amrFileCodec.m */; };
		454625E21FCEAF4A0089CCE1 /* libopencore-amrnb.a in Frameworks */ = {isa = PBXBuildFile; fileRef = 454625DB1FCEAF4A0089CCE1 /* libopencore-amrnb.a */; };
		454625E31FCEAF4A0089CCE1 /* libopencore-amrwb.a in Frameworks */ = {isa = PBXBuildFile; fileRef = 454625DC1FCEAF4A0089CCE1 /* libopencore-amrwb.a */; };
		454625E71FCEAF530089CCE1 /* README.md in Resources */ = {isa = PBXBuildFile; fileRef = 454625E61FCEAF530089CCE1 /* README.md */; };
		454625EA1FCEB3520089CCE1 /* ZEDVoicePlayHelper.m in Sources */ = {isa = PBXBuildFile; fileRef = 454625E91FCEB3520089CCE1 /* ZEDVoicePlayHelper.m */; };
		454625ED1FCEB36C0089CCE1 /* ZEDVoiceRecordHelper.m in Sources */ = {isa = PBXBuildFile; fileRef = 454625EC1FCEB36C0089CCE1 /* ZEDVoiceRecordHelper.m */; };
/* End PBXBuildFile section */

/* Begin PBXContainerItemProxy section */
		454625B41FCEAE410089CCE1 /* PBXContainerItemProxy */ = {
			isa = PBXContainerItemProxy;
			containerPortal = 454625931FCEAE410089CCE1 /* Project object */;
			proxyType = 1;
			remoteGlobalIDString = 4546259A1FCEAE410089CCE1;
			remoteInfo = ZEDVoiceRecordHelper;
		};
		454625BF1FCEAE410089CCE1 /* PBXContainerItemProxy */ = {
			isa = PBXContainerItemProxy;
			containerPortal = 454625931FCEAE410089CCE1 /* Project object */;
			proxyType = 1;
			remoteGlobalIDString = 4546259A1FCEAE410089CCE1;
			remoteInfo = ZEDVoiceRecordHelper;
		};
/* End PBXContainerItemProxy section */

/* Begin PBXFileReference section */
		4546259B1FCEAE410089CCE1 /* ZEDVoiceRecordHelper.app */ = {isa = PBXFileReference; explicitFileType = wrapper.application; includeInIndex = 0; path = ZEDVoiceRecordHelper.app; sourceTree = BUILT_PRODUCTS_DIR; };
		4546259E1FCEAE410089CCE1 /* AppDelegate.h */ = {isa = PBXFileReference; lastKnownFileType = sourcecode.c.h; path = AppDelegate.h; sourceTree = "<group>"; };
		4546259F1FCEAE410089CCE1 /* AppDelegate.m */ = {isa = PBXFileReference; lastKnownFileType = sourcecode.c.objc; path = AppDelegate.m; sourceTree = "<group>"; };
		454625A11FCEAE410089CCE1 /* ViewController.h */ = {isa = PBXFileReference; lastKnownFileType = sourcecode.c.h; path = ViewController.h; sourceTree = "<group>"; };
		454625A21FCEAE410089CCE1 /* ViewController.m */ = {isa = PBXFileReference; lastKnownFileType = sourcecode.c.objc; path = ViewController.m; sourceTree = "<group>"; };
		454625A51FCEAE410089CCE1 /* Base */ = {isa = PBXFileReference; lastKnownFileType = file.storyboard; name = Base; path = Base.lproj/Main.storyboard; sourceTree = "<group>"; };
		454625A71FCEAE410089CCE1 /* Assets.xcassets */ = {isa = PBXFileReference; lastKnownFileType = folder.assetcatalog; path = Assets.xcassets; sourceTree = "<group>"; };
		454625AA1FCEAE410089CCE1 /* Base */ = {isa = PBXFileReference; lastKnownFileType = file.storyboard; name = Base; path = Base.lproj/LaunchScreen.storyboard; sourceTree = "<group>"; };
		454625AC1FCEAE410089CCE1 /* Info.plist */ = {isa = PBXFileReference; lastKnownFileType = text.plist.xml; path = Info.plist; sourceTree = "<group>"; };
		454625AD1FCEAE410089CCE1 /* main.m */ = {isa = PBXFileReference; lastKnownFileType = sourcecode.c.objc; path = main.m; sourceTree = "<group>"; };
		454625B31FCEAE410089CCE1 /* ZEDVoiceRecordHelperTests.xctest */ = {isa = PBXFileReference; explicitFileType = wrapper.cfbundle; includeInIndex = 0; path = ZEDVoiceRecordHelperTests.xctest; sourceTree = BUILT_PRODUCTS_DIR; };
		454625B71FCEAE410089CCE1 /* ZEDVoiceRecordHelperTests.m */ = {isa = PBXFileReference; lastKnownFileType = sourcecode.c.objc; path = ZEDVoiceRecordHelperTests.m; sourceTree = "<group>"; };
		454625B91FCEAE410089CCE1 /* Info.plist */ = {isa = PBXFileReference; lastKnownFileType = text.plist.xml; path = Info.plist; sourceTree = "<group>"; };
		454625BE1FCEAE410089CCE1 /* ZEDVoiceRecordHelperUITests.xctest */ = {isa = PBXFileReference; explicitFileType = wrapper.cfbundle; includeInIndex = 0; path = ZEDVoiceRecordHelperUITests.xctest; sourceTree = BUILT_PRODUCTS_DIR; };
		454625C21FCEAE410089CCE1 /* ZEDVoiceRecordHelperUITests.m */ = {isa = PBXFileReference; lastKnownFileType = sourcecode.c.objc; path = ZEDVoiceRecordHelperUITests.m; sourceTree = "<group>"; };
		454625C41FCEAE410089CCE1 /* Info.plist */ = {isa = PBXFileReference; lastKnownFileType = text.plist.xml; path = Info.plist; sourceTree = "<group>"; };
		454625D21FCEAF4A0089CCE1 /* amrFileCodec.h */ = {isa = PBXFileReference; fileEncoding = 4; lastKnownFileType = sourcecode.c.h; path = amrFileCodec.h; sourceTree = "<group>"; };
		454625D31FCEAF4A0089CCE1 /* amrFileCodec.m */ = {isa = PBXFileReference; fileEncoding = 4; lastKnownFileType = sourcecode.c.objc; path = amrFileCodec.m; sourceTree = "<group>"; };
		454625D61FCEAF4A0089CCE1 /* interf_dec.h */ = {isa = PBXFileReference; fileEncoding = 4; lastKnownFileType = sourcecode.c.h; path = interf_dec.h; sourceTree = "<group>"; };
		454625D71FCEAF4A0089CCE1 /* interf_enc.h */ = {isa = PBXFileReference; fileEncoding = 4; lastKnownFileType = sourcecode.c.h; path = interf_enc.h; sourceTree = "<group>"; };
		454625D91FCEAF4A0089CCE1 /* dec_if.h */ = {isa = PBXFileReference; fileEncoding = 4; lastKnownFileType = sourcecode.c.h; path = dec_if.h; sourceTree = "<group>"; };
		454625DA1FCEAF4A0089CCE1 /* if_rom.h */ = {isa = PBXFileReference; fileEncoding = 4; lastKnownFileType = sourcecode.c.h; path = if_rom.h; sourceTree = "<group>"; };
		454625DB1FCEAF4A0089CCE1 /* libopencore-amrnb.a */ = {isa = PBXFileReference; lastKnownFileType = archive.ar; path = "libopencore-amrnb.a"; sourceTree = "<group>"; };
		454625DC1FCEAF4A0089CCE1 /* libopencore-amrwb.a */ = {isa = PBXFileReference; lastKnownFileType = archive.ar; path = "libopencore-amrwb.a"; sourceTree = "<group>"; };
		454625E61FCEAF530089CCE1 /* README.md */ = {isa = PBXFileReference; fileEncoding = 4; lastKnownFileType = net.daringfireball.markdown; name = README.md; path = ../../README.md; sourceTree = "<group>"; };
		454625E81FCEB3520089CCE1 /* ZEDVoicePlayHelper.h */ = {isa = PBXFileReference; lastKnownFileType = sourcecode.c.h; path = ZEDVoicePlayHelper.h; sourceTree = "<group>"; };
		454625E91FCEB3520089CCE1 /* ZEDVoicePlayHelper.m */ = {isa = PBXFileReference; lastKnownFileType = sourcecode.c.objc; path = ZEDVoicePlayHelper.m; sourceTree = "<group>"; };
		454625EB1FCEB36C0089CCE1 /* ZEDVoiceRecordHelper.h */ = {isa = PBXFileReference; lastKnownFileType = sourcecode.c.h; path = ZEDVoiceRecordHelper.h; sourceTree = "<group>"; };
		454625EC1FCEB36C0089CCE1 /* ZEDVoiceRecordHelper.m */ = {isa = PBXFileReference; lastKnownFileType = sourcecode.c.objc; path = ZEDVoiceRecordHelper.m; sourceTree = "<group>"; };
/* End PBXFileReference section */

/* Begin PBXFrameworksBuildPhase section */
		454625981FCEAE410089CCE1 /* Frameworks */ = {
			isa = PBXFrameworksBuildPhase;
			buildActionMask = 2147483647;
			files = (
				454625E31FCEAF4A0089CCE1 /* libopencore-amrwb.a in Frameworks */,
				454625E21FCEAF4A0089CCE1 /* libopencore-amrnb.a in Frameworks */,
			);
			runOnlyForDeploymentPostprocessing = 0;
		};
		454625B01FCEAE410089CCE1 /* Frameworks */ = {
			isa = PBXFrameworksBuildPhase;
			buildActionMask = 2147483647;
			files = (
			);
			runOnlyForDeploymentPostprocessing = 0;
		};
		454625BB1FCEAE410089CCE1 /* Frameworks */ = {
			isa = PBXFrameworksBuildPhase;
			buildActionMask = 2147483647;
			files = (
			);
			runOnlyForDeploymentPostprocessing = 0;
		};
/* End PBXFrameworksBuildPhase section */

/* Begin PBXGroup section */
		454625921FCEAE410089CCE1 = {
			isa = PBXGroup;
			children = (
				4546259D1FCEAE410089CCE1 /* ZEDVoiceRecordHelper */,
				454625B61FCEAE410089CCE1 /* ZEDVoiceRecordHelperTests */,
				454625C11FCEAE410089CCE1 /* ZEDVoiceRecordHelperUITests */,
				4546259C1FCEAE410089CCE1 /* Products */,
			);
			sourceTree = "<group>";
		};
		4546259C1FCEAE410089CCE1 /* Products */ = {
			isa = PBXGroup;
			children = (
				4546259B1FCEAE410089CCE1 /* ZEDVoiceRecordHelper.app */,
				454625B31FCEAE410089CCE1 /* ZEDVoiceRecordHelperTests.xctest */,
				454625BE1FCEAE410089CCE1 /* ZEDVoiceRecordHelperUITests.xctest */,
			);
			name = Products;
			sourceTree = "<group>";
		};
		4546259D1FCEAE410089CCE1 /* ZEDVoiceRecordHelper */ = {
			isa = PBXGroup;
			children = (
				454625E61FCEAF530089CCE1 /* README.md */,
				454625D01FCEAF4A0089CCE1 /* ZEDVoiceRecordHelper */,
				4546259E1FCEAE410089CCE1 /* AppDelegate.h */,
				4546259F1FCEAE410089CCE1 /* AppDelegate.m */,
				454625A11FCEAE410089CCE1 /* ViewController.h */,
				454625A21FCEAE410089CCE1 /* ViewController.m */,
				454625A41FCEAE410089CCE1 /* Main.storyboard */,
				454625A71FCEAE410089CCE1 /* Assets.xcassets */,
				454625A91FCEAE410089CCE1 /* LaunchScreen.storyboard */,
				454625AC1FCEAE410089CCE1 /* Info.plist */,
				454625AD1FCEAE410089CCE1 /* main.m */,
			);
			path = ZEDVoiceRecordHelper;
			sourceTree = "<group>";
		};
		454625B61FCEAE410089CCE1 /* ZEDVoiceRecordHelperTests */ = {
			isa = PBXGroup;
			children = (
				454625B71FCEAE410089CCE1 /* ZEDVoiceRecordHelperTests.m */,
				454625B91FCEAE410089CCE1 /* Info.plist */,
			);
			path = ZEDVoiceRecordHelperTests;
			sourceTree = "<group>";
		};
		454625C11FCEAE410089CCE1 /* ZEDVoiceRecordHelperUITests */ = {
			isa = PBXGroup;
			children = (
				454625C21FCEAE410089CCE1 /* ZEDVoiceRecordHelperUITests.m */,
				454625C41FCEAE410089CCE1 /* Info.plist */,
			);
			path = ZEDVoiceRecordHelperUITests;
			sourceTree = "<group>";
		};
		454625D01FCEAF4A0089CCE1 /* ZEDVoiceRecordHelper */ = {
			isa = PBXGroup;
			children = (
				454625D11FCEAF4A0089CCE1 /* amr */,
				454625E81FCEB3520089CCE1 /* ZEDVoicePlayHelper.h */,
				454625E91FCEB3520089CCE1 /* ZEDVoicePlayHelper.m */,
				454625EB1FCEB36C0089CCE1 /* ZEDVoiceRecordHelper.h */,
				454625EC1FCEB36C0089CCE1 /* ZEDVoiceRecordHelper.m */,
			);
			path = ZEDVoiceRecordHelper;
			sourceTree = "<group>";
		};
		454625D11FCEAF4A0089CCE1 /* amr */ = {
			isa = PBXGroup;
			children = (
				454625D21FCEAF4A0089CCE1 /* amrFileCodec.h */,
				454625D31FCEAF4A0089CCE1 /* amrFileCodec.m */,
				454625D41FCEAF4A0089CCE1 /* include */,
				454625DB1FCEAF4A0089CCE1 /* libopencore-amrnb.a */,
				454625DC1FCEAF4A0089CCE1 /* libopencore-amrwb.a */,
			);
			path = amr;
			sourceTree = "<group>";
		};
		454625D41FCEAF4A0089CCE1 /* include */ = {
			isa = PBXGroup;
			children = (
				454625D51FCEAF4A0089CCE1 /* opencore-amrnb */,
				454625D81FCEAF4A0089CCE1 /* opencore-amrwb */,
			);
			path = include;
			sourceTree = "<group>";
		};
		454625D51FCEAF4A0089CCE1 /* opencore-amrnb */ = {
			isa = PBXGroup;
			children = (
				454625D61FCEAF4A0089CCE1 /* interf_dec.h */,
				454625D71FCEAF4A0089CCE1 /* interf_enc.h */,
			);
			path = "opencore-amrnb";
			sourceTree = "<group>";
		};
		454625D81FCEAF4A0089CCE1 /* opencore-amrwb */ = {
			isa = PBXGroup;
			children = (
				454625D91FCEAF4A0089CCE1 /* dec_if.h */,
				454625DA1FCEAF4A0089CCE1 /* if_rom.h */,
			);
			path = "opencore-amrwb";
			sourceTree = "<group>";
		};
/* End PBXGroup section */

/* Begin PBXNativeTarget section */
		4546259A1FCEAE410089CCE1 /* ZEDVoiceRecordHelper */ = {
			isa = PBXNativeTarget;
			buildConfigurationList = 454625C71FCEAE410089CCE1 /* Build configuration list for PBXNativeTarget "ZEDVoiceRecordHelper" */;
			buildPhases = (
				454625971FCEAE410089CCE1 /* Sources */,
				454625981FCEAE410089CCE1 /* Frameworks */,
				454625991FCEAE410089CCE1 /* Resources */,
			);
			buildRules = (
			);
			dependencies = (
			);
			name = ZEDVoiceRecordHelper;
			productName = ZEDVoiceRecordHelper;
			productReference = 4546259B1FCEAE410089CCE1 /* ZEDVoiceRecordHelper.app */;
			productType = "com.apple.product-type.application";
		};
		454625B21FCEAE410089CCE1 /* ZEDVoiceRecordHelperTests */ = {
			isa = PBXNativeTarget;
			buildConfigurationList = 454625CA1FCEAE410089CCE1 /* Build configuration list for PBXNativeTarget "ZEDVoiceRecordHelperTests" */;
			buildPhases = (
				454625AF1FCEAE410089CCE1 /* Sources */,
				454625B01FCEAE410089CCE1 /* Frameworks */,
				454625B11FCEAE410089CCE1 /* Resources */,
			);
			buildRules = (
			);
			dependencies = (
				454625B51FCEAE410089CCE1 /* PBXTargetDependency */,
			);
			name = ZEDVoiceRecordHelperTests;
			productName = ZEDVoiceRecordHelperTests;
			productReference = 454625B31FCEAE410089CCE1 /* ZEDVoiceRecordHelperTests.xctest */;
			productType = "com.apple.product-type.bundle.unit-test";
		};
		454625BD1FCEAE410089CCE1 /* ZEDVoiceRecordHelperUITests */ = {
			isa = PBXNativeTarget;
			buildConfigurationList = 454625CD1FCEAE410089CCE1 /* Build configuration list for PBXNativeTarget "ZEDVoiceRecordHelperUITests" */;
			buildPhases = (
				454625BA1FCEAE410089CCE1 /* Sources */,
				454625BB1FCEAE410089CCE1 /* Frameworks */,
				454625BC1FCEAE410089CCE1 /* Resources */,
			);
			buildRules = (
			);
			dependencies = (
				454625C01FCEAE410089CCE1 /* PBXTargetDependency */,
			);
			name = ZEDVoiceRecordHelperUITests;
			productName = ZEDVoiceRecordHelperUITests;
			productReference = 454625BE1FCEAE410089CCE1 /* ZEDVoiceRecordHelperUITests.xctest */;
			productType = "com.apple.product-type.bundle.ui-testing";
		};
/* End PBXNativeTarget section */

/* Begin PBXProject section */
		454625931FCEAE410089CCE1 /* Project object */ = {
			isa = PBXProject;
			attributes = {
				LastUpgradeCheck = 0910;
				ORGANIZATIONNAME = ZED;
				TargetAttributes = {
					4546259A1FCEAE410089CCE1 = {
						CreatedOnToolsVersion = 9.1;
						ProvisioningStyle = Automatic;
					};
					454625B21FCEAE410089CCE1 = {
						CreatedOnToolsVersion = 9.1;
						ProvisioningStyle = Automatic;
						TestTargetID = 4546259A1FCEAE410089CCE1;
					};
					454625BD1FCEAE410089CCE1 = {
						CreatedOnToolsVersion = 9.1;
						ProvisioningStyle = Automatic;
						TestTargetID = 4546259A1FCEAE410089CCE1;
					};
				};
			};
			buildConfigurationList = 454625961FCEAE410089CCE1 /* Build configuration list for PBXProject "ZEDVoiceRecordHelper" */;
			compatibilityVersion = "Xcode 8.0";
			developmentRegion = en;
			hasScannedForEncodings = 0;
			knownRegions = (
				en,
				Base,
			);
			mainGroup = 454625921FCEAE410089CCE1;
			productRefGroup = 4546259C1FCEAE410089CCE1 /* Products */;
			projectDirPath = "";
			projectRoot = "";
			targets = (
				4546259A1FCEAE410089CCE1 /* ZEDVoiceRecordHelper */,
				454625B21FCEAE410089CCE1 /* ZEDVoiceRecordHelperTests */,
				454625BD1FCEAE410089CCE1 /* ZEDVoiceRecordHelperUITests */,
			);
		};
/* End PBXProject section */

/* Begin PBXResourcesBuildPhase section */
		454625991FCEAE410089CCE1 /* Resources */ = {
			isa = PBXResourcesBuildPhase;
			buildActionMask = 2147483647;
			files = (
				454625AB1FCEAE410089CCE1 /* LaunchScreen.storyboard in Resources */,
				454625A81FCEAE410089CCE1 /* Assets.xcassets in Resources */,
				454625E71FCEAF530089CCE1 /* README.md in Resources */,
				454625A61FCEAE410089CCE1 /* Main.storyboard in Resources */,
			);
			runOnlyForDeploymentPostprocessing = 0;
		};
		454625B11FCEAE410089CCE1 /* Resources */ = {
			isa = PBXResourcesBuildPhase;
			buildActionMask = 2147483647;
			files = (
			);
			runOnlyForDeploymentPostprocessing = 0;
		};
		454625BC1FCEAE410089CCE1 /* Resources */ = {
			isa = PBXResourcesBuildPhase;
			buildActionMask = 2147483647;
			files = (
			);
			runOnlyForDeploymentPostprocessing = 0;
		};
/* End PBXResourcesBuildPhase section */

/* Begin PBXSourcesBuildPhase section */
		454625971FCEAE410089CCE1 /* Sources */ = {
			isa = PBXSourcesBuildPhase;
			buildActionMask = 2147483647;
			files = (
				454625A31FCEAE410089CCE1 /* ViewController.m in Sources */,
				454625ED1FCEB36C0089CCE1 /* ZEDVoiceRecordHelper.m in Sources */,
				454625AE1FCEAE410089CCE1 /* main.m in Sources */,
				454625A01FCEAE410089CCE1 /* AppDelegate.m in Sources */,
				454625EA1FCEB3520089CCE1 /* ZEDVoicePlayHelper.m in Sources */,
				454625E11FCEAF4A0089CCE1 /* amrFileCodec.m in Sources */,
			);
			runOnlyForDeploymentPostprocessing = 0;
		};
		454625AF1FCEAE410089CCE1 /* Sources */ = {
			isa = PBXSourcesBuildPhase;
			buildActionMask = 2147483647;
			files = (
				454625B81FCEAE410089CCE1 /* ZEDVoiceRecordHelperTests.m in Sources */,
			);
			runOnlyForDeploymentPostprocessing = 0;
		};
		454625BA1FCEAE410089CCE1 /* Sources */ = {
			isa = PBXSourcesBuildPhase;
			buildActionMask = 2147483647;
			files = (
				454625C31FCEAE410089CCE1 /* ZEDVoiceRecordHelperUITests.m in Sources */,
			);
			runOnlyForDeploymentPostprocessing = 0;
		};
/* End PBXSourcesBuildPhase section */

/* Begin PBXTargetDependency section */
		454625B51FCEAE410089CCE1 /* PBXTargetDependency */ = {
			isa = PBXTargetDependency;
			target = 4546259A1FCEAE410089CCE1 /* ZEDVoiceRecordHelper */;
			targetProxy = 454625B41FCEAE410089CCE1 /* PBXContainerItemProxy */;
		};
		454625C01FCEAE410089CCE1 /* PBXTargetDependency */ = {
			isa = PBXTargetDependency;
			target = 4546259A1FCEAE410089CCE1 /* ZEDVoiceRecordHelper */;
			targetProxy = 454625BF1FCEAE410089CCE1 /* PBXContainerItemProxy */;
		};
/* End PBXTargetDependency section */

/* Begin PBXVariantGroup section */
		454625A41FCEAE410089CCE1 /* Main.storyboard */ = {
			isa = PBXVariantGroup;
			children = (
				454625A51FCEAE410089CCE1 /* Base */,
			);
			name = Main.storyboard;
			sourceTree = "<group>";
		};
		454625A91FCEAE410089CCE1 /* LaunchScreen.storyboard */ = {
			isa = PBXVariantGroup;
			children = (
				454625AA1FCEAE410089CCE1 /* Base */,
			);
			name = LaunchScreen.storyboard;
			sourceTree = "<group>";
		};
/* End PBXVariantGroup section */

/* Begin XCBuildConfiguration section */
		454625C51FCEAE410089CCE1 /* Debug */ = {
			isa = XCBuildConfiguration;
			buildSettings = {
				ALWAYS_SEARCH_USER_PATHS = NO;
				CLANG_ANALYZER_NONNULL = YES;
				CLANG_ANALYZER_NUMBER_OBJECT_CONVERSION = YES_AGGRESSIVE;
				CLANG_CXX_LANGUAGE_STANDARD = "gnu++14";
				CLANG_CXX_LIBRARY = "libc++";
				CLANG_ENABLE_MODULES = YES;
				CLANG_ENABLE_OBJC_ARC = YES;
				CLANG_WARN_BLOCK_CAPTURE_AUTORELEASING = YES;
				CLANG_WARN_BOOL_CONVERSION = YES;
				CLANG_WARN_COMMA = YES;
				CLANG_WARN_CONSTANT_CONVERSION = YES;
				CLANG_WARN_DIRECT_OBJC_ISA_USAGE = YES_ERROR;
				CLANG_WARN_DOCUMENTATION_COMMENTS = YES;
				CLANG_WARN_EMPTY_BODY = YES;
				CLANG_WARN_ENUM_CONVERSION = YES;
				CLANG_WARN_INFINITE_RECURSION = YES;
				CLANG_WARN_INT_CONVERSION = YES;
				CLANG_WARN_NON_LITERAL_NULL_CONVERSION = YES;
				CLANG_WARN_OBJC_LITERAL_CONVERSION = YES;
				CLANG_WARN_OBJC_ROOT_CLASS = YES_ERROR;
				CLANG_WARN_RANGE_LOOP_ANALYSIS = YES;
				CLANG_WARN_STRICT_PROTOTYPES = YES;
				CLANG_WARN_SUSPICIOUS_MOVE = YES;
				CLANG_WARN_UNGUARDED_AVAILABILITY = YES_AGGRESSIVE;
				CLANG_WARN_UNREACHABLE_CODE = YES;
				CLANG_WARN__DUPLICATE_METHOD_MATCH = YES;
				CODE_SIGN_IDENTITY = "iPhone Developer";
				COPY_PHASE_STRIP = NO;
				DEBUG_INFORMATION_FORMAT = dwarf;
				ENABLE_STRICT_OBJC_MSGSEND = YES;
				ENABLE_TESTABILITY = YES;
				GCC_C_LANGUAGE_STANDARD = gnu11;
				GCC_DYNAMIC_NO_PIC = NO;
				GCC_NO_COMMON_BLOCKS = YES;
				GCC_OPTIMIZATION_LEVEL = 0;
				GCC_PREPROCESSOR_DEFINITIONS = (
					"DEBUG=1",
					"$(inherited)",
				);
				GCC_WARN_64_TO_32_BIT_CONVERSION = YES;
				GCC_WARN_ABOUT_RETURN_TYPE = YES_ERROR;
				GCC_WARN_UNDECLARED_SELECTOR = YES;
				GCC_WARN_UNINITIALIZED_AUTOS = YES_AGGRESSIVE;
				GCC_WARN_UNUSED_FUNCTION = YES;
				GCC_WARN_UNUSED_VARIABLE = YES;
				IPHONEOS_DEPLOYMENT_TARGET = 11.1;
				MTL_ENABLE_DEBUG_INFO = YES;
				ONLY_ACTIVE_ARCH = YES;
				SDKROOT = iphoneos;
			};
			name = Debug;
		};
		454625C61FCEAE410089CCE1 /* Release */ = {
			isa = XCBuildConfiguration;
			buildSettings = {
				ALWAYS_SEARCH_USER_PATHS = NO;
				CLANG_ANALYZER_NONNULL = YES;
				CLANG_ANALYZER_NUMBER_OBJECT_CONVERSION = YES_AGGRESSIVE;
				CLANG_CXX_LANGUAGE_STANDARD = "gnu++14";
				CLANG_CXX_LIBRARY = "libc++";
				CLANG_ENABLE_MODULES = YES;
				CLANG_ENABLE_OBJC_ARC = YES;
				CLANG_WARN_BLOCK_CAPTURE_AUTORELEASING = YES;
				CLANG_WARN_BOOL_CONVERSION = YES;
				CLANG_WARN_COMMA = YES;
				CLANG_WARN_CONSTANT_CONVERSION = YES;
				CLANG_WARN_DIRECT_OBJC_ISA_USAGE = YES_ERROR;
				CLANG_WARN_DOCUMENTATION_COMMENTS = YES;
				CLANG_WARN_EMPTY_BODY = YES;
				CLANG_WARN_ENUM_CONVERSION = YES;
				CLANG_WARN_INFINITE_RECURSION = YES;
				CLANG_WARN_INT_CONVERSION = YES;
				CLANG_WARN_NON_LITERAL_NULL_CONVERSION = YES;
				CLANG_WARN_OBJC_LITERAL_CONVERSION = YES;
				CLANG_WARN_OBJC_ROOT_CLASS = YES_ERROR;
				CLANG_WARN_RANGE_LOOP_ANALYSIS = YES;
				CLANG_WARN_STRICT_PROTOTYPES = YES;
				CLANG_WARN_SUSPICIOUS_MOVE = YES;
				CLANG_WARN_UNGUARDED_AVAILABILITY = YES_AGGRESSIVE;
				CLANG_WARN_UNREACHABLE_CODE = YES;
				CLANG_WARN__DUPLICATE_METHOD_MATCH = YES;
				CODE_SIGN_IDENTITY = "iPhone Developer";
				COPY_PHASE_STRIP = NO;
				DEBUG_INFORMATION_FORMAT = "dwarf-with-dsym";
				ENABLE_NS_ASSERTIONS = NO;
				ENABLE_STRICT_OBJC_MSGSEND = YES;
				GCC_C_LANGUAGE_STANDARD = gnu11;
				GCC_NO_COMMON_BLOCKS = YES;
				GCC_WARN_64_TO_32_BIT_CONVERSION = YES;
				GCC_WARN_ABOUT_RETURN_TYPE = YES_ERROR;
				GCC_WARN_UNDECLARED_SELECTOR = YES;
				GCC_WARN_UNINITIALIZED_AUTOS = YES_AGGRESSIVE;
				GCC_WARN_UNUSED_FUNCTION = YES;
				GCC_WARN_UNUSED_VARIABLE = YES;
				IPHONEOS_DEPLOYMENT_TARGET = 11.1;
				MTL_ENABLE_DEBUG_INFO = NO;
				SDKROOT = iphoneos;
				VALIDATE_PRODUCT = YES;
			};
			name = Release;
		};
		454625C81FCEAE410089CCE1 /* Debug */ = {
			isa = XCBuildConfiguration;
			buildSettings = {
				ASSETCATALOG_COMPILER_APPICON_NAME = AppIcon;
				CODE_SIGN_STYLE = Automatic;
				DEVELOPMENT_TEAM = AD4B7EHFQ5;
				INFOPLIST_FILE = ZEDVoiceRecordHelper/Info.plist;
				LD_RUNPATH_SEARCH_PATHS = "$(inherited) @executable_path/Frameworks";
				LIBRARY_SEARCH_PATHS = (
					"$(inherited)",
					"$(PROJECT_DIR)/ZEDVoiceRecordHelper/ZEDVoiceRecordHelper/amr",
				);
				PRODUCT_BUNDLE_IDENTIFIER = ZED.ZEDVoiceRecordHelper;
				PRODUCT_NAME = "$(TARGET_NAME)";
				TARGETED_DEVICE_FAMILY = "1,2";
			};
			name = Debug;
		};
		454625C91FCEAE410089CCE1 /* Release */ = {
			isa = XCBuildConfiguration;
			buildSettings = {
				ASSETCATALOG_COMPILER_APPICON_NAME = AppIcon;
				CODE_SIGN_STYLE = Automatic;
				DEVELOPMENT_TEAM = AD4B7EHFQ5;
				INFOPLIST_FILE = ZEDVoiceRecordHelper/Info.plist;
				LD_RUNPATH_SEARCH_PATHS = "$(inherited) @executable_path/Frameworks";
				LIBRARY_SEARCH_PATHS = (
					"$(inherited)",
					"$(PROJECT_DIR)/ZEDVoiceRecordHelper/ZEDVoiceRecordHelper/amr",
				);
				PRODUCT_BUNDLE_IDENTIFIER = ZED.ZEDVoiceRecordHelper;
				PRODUCT_NAME = "$(TARGET_NAME)";
				TARGETED_DEVICE_FAMILY = "1,2";
			};
			name = Release;
		};
		454625CB1FCEAE410089CCE1 /* Debug */ = {
			isa = XCBuildConfiguration;
			buildSettings = {
				BUNDLE_LOADER = "$(TEST_HOST)";
				CODE_SIGN_STYLE = Automatic;
				INFOPLIST_FILE = ZEDVoiceRecordHelperTests/Info.plist;
				LD_RUNPATH_SEARCH_PATHS = "$(inherited) @executable_path/Frameworks @loader_path/Frameworks";
				PRODUCT_BUNDLE_IDENTIFIER = ZED.ZEDVoiceRecordHelperTests;
				PRODUCT_NAME = "$(TARGET_NAME)";
				TARGETED_DEVICE_FAMILY = "1,2";
				TEST_HOST = "$(BUILT_PRODUCTS_DIR)/ZEDVoiceRecordHelper.app/ZEDVoiceRecordHelper";
			};
			name = Debug;
		};
		454625CC1FCEAE410089CCE1 /* Release */ = {
			isa = XCBuildConfiguration;
			buildSettings = {
				BUNDLE_LOADER = "$(TEST_HOST)";
				CODE_SIGN_STYLE = Automatic;
				INFOPLIST_FILE = ZEDVoiceRecordHelperTests/Info.plist;
				LD_RUNPATH_SEARCH_PATHS = "$(inherited) @executable_path/Frameworks @loader_path/Frameworks";
				PRODUCT_BUNDLE_IDENTIFIER = ZED.ZEDVoiceRecordHelperTests;
				PRODUCT_NAME = "$(TARGET_NAME)";
				TARGETED_DEVICE_FAMILY = "1,2";
				TEST_HOST = "$(BUILT_PRODUCTS_DIR)/ZEDVoiceRecordHelper.app/ZEDVoiceRecordHelper";
			};
			name = Release;
		};
		454625CE1FCEAE410089CCE1 /* Debug */ = {
			isa = XCBuildConfiguration;
			buildSettings = {
				CODE_SIGN_STYLE = Automatic;
				INFOPLIST_FILE = ZEDVoiceRecordHelperUITests/Info.plist;
				LD_RUNPATH_SEARCH_PATHS = "$(inherited) @executable_path/Frameworks @loader_path/Frameworks";
				PRODUCT_BUNDLE_IDENTIFIER = ZED.ZEDVoiceRecordHelperUITests;
				PRODUCT_NAME = "$(TARGET_NAME)";
				TARGETED_DEVICE_FAMILY = "1,2";
				TEST_TARGET_NAME = ZEDVoiceRecordHelper;
			};
			name = Debug;
		};
		454625CF1FCEAE410089CCE1 /* Release */ = {
			isa = XCBuildConfiguration;
			buildSettings = {
				CODE_SIGN_STYLE = Automatic;
				INFOPLIST_FILE = ZEDVoiceRecordHelperUITests/Info.plist;
				LD_RUNPATH_SEARCH_PATHS = "$(inherited) @executable_path/Frameworks @loader_path/Frameworks";
				PRODUCT_BUNDLE_IDENTIFIER = ZED.ZEDVoiceRecordHelperUITests;
				PRODUCT_NAME = "$(TARGET_NAME)";
				TARGETED_DEVICE_FAMILY = "1,2";
				TEST_TARGET_NAME = ZEDVoiceRecordHelper;
			};
			name = Release;
		};
/* End XCBuildConfiguration section */

/* Begin XCConfigurationList section */
		454625961FCEAE410089CCE1 /* Build configuration list for PBXProject "ZEDVoiceRecordHelper" */ = {
			isa = XCConfigurationList;
			buildConfigurations = (
				454625C51FCEAE410089CCE1 /* Debug */,
				454625C61FCEAE410089CCE1 /* Release */,
			);
			defaultConfigurationIsVisible = 0;
			defaultConfigurationName = Release;
		};
		454625C71FCEAE410089CCE1 /* Build configuration list for PBXNativeTarget "ZEDVoiceRecordHelper" */ = {
			isa = XCConfigurationList;
			buildConfigurations = (
				454625C81FCEAE410089CCE1 /* Debug */,
				454625C91FCEAE410089CCE1 /* Release */,
			);
			defaultConfigurationIsVisible = 0;
			defaultConfigurationName = Release;
		};
		454625CA1FCEAE410089CCE1 /* Build configuration list for PBXNativeTarget "ZEDVoiceRecordHelperTests" */ = {
			isa = XCConfigurationList;
			buildConfigurations = (
				454625CB1FCEAE410089CCE1 /* Debug */,
				454625CC1FCEAE410089CCE1 /* Release */,
			);
			defaultConfigurationIsVisible = 0;
			defaultConfigurationName = Release;
		};
		454625CD1FCEAE410089CCE1 /* Build configuration list for PBXNativeTarget "ZEDVoiceRecordHelperUITests" */ = {
			isa = XCConfigurationList;
			buildConfigurations = (
				454625CE1FCEAE410089CCE1 /* Debug */,
				454625CF1FCEAE410089CCE1 /* Release */,
			);
			defaultConfigurationIsVisible = 0;
			defaultConfigurationName = Release;
		};
/* End XCConfigurationList section */
	};
	rootObject = 454625931FCEAE410089CCE1 /* Project object */;
}
